{
  "requires": true,
  "lockfileVersion": 1,
  "dependencies": {
    "eslint-plugin-promise": {
      "version": "5.1.1",
      "resolved": "https://registry.npmjs.org/eslint-plugin-promise/-/eslint-plugin-promise-5.1.1.tgz",
      "integrity": "sha512-XgdcdyNzHfmlQyweOPTxmc7pIsS6dE4MvwhXWMQ2Dxs1XAL2GJDilUsjWen6TWik0aSI+zD/PqocZBblcm9rdA=="
    }
  }
}
